
Microsoft Visual Studio Solution File, Format Version 12.00
# Visual Studio Version 17
VisualStudioVersion = 17.4.33122.133
MinimumVisualStudioVersion = 10.0.40219.1
Project("{FAE04EC0-301F-11D3-BF4B-00C04F79EFBC}") = "seleniumcrawler", "seleniumcrawler\seleniumcrawler.csproj", "{3500A470-7D21-4D2D-9972-3EA3DDB64BEC}"
EndProject
Global
	GlobalSection(SolutionConfigurationPlatforms) = preSolution
		Debug|Any CPU = Debug|Any CPU
		Release|Any CPU = Release|Any CPU
	EndGlobalSection
	GlobalSection(ProjectConfigurationPlatforms) = postSolution
		{3500A470-7D21-4D2D-9972-3EA3DDB64BEC}.Debug|Any CPU.ActiveCfg = Debug|Any CPU
		{3500A470-7D21-4D2D-9972-3EA3DDB64BEC}.Debug|Any CPU.Build.0 = Debug|Any CPU
		{3500A470-7D21-4D2D-9972-3EA3DDB64BEC}.Release|Any CPU.ActiveCfg = Release|Any CPU
		{3500A470-7D21-4D2D-9972-3EA3DDB64BEC}.Release|Any CPU.Build.0 = Release|Any CPU
	EndGlobalSection
	GlobalSection(SolutionProperties) = preSolution
		HideSolutionNode = FALSE
	EndGlobalSection
	GlobalSection(ExtensibilityGlobals) = postSolution
		SolutionGuid = {5E29EF25-CAEF-4B6F-83BF-FEE0E8FE6873}
	EndGlobalSection
EndGlobal
